{
    "name": "ssdq-front",
    "version": "1.0.0",
    "lockfileVersion": 3,
    "requires": true,
    "packages": {
        "": {
            "name": "ssdq-front",
            "version": "1.0.0",
            "dependencies": {
                "@fortawesome/fontawesome-free": "^5.15.4",
                "@sweetalert2/theme-bootstrap-4": "^4.0.5",
                "@ttskch/select2-bootstrap4-theme": "^1.5.2",
                "ag-grid-community": "35.0.0",
                "bootstrap": "^4.6.0",
                "bootstrap4-duallistbox": "^4.0.2",
                "chart.js": "^2.9.4",
                "datatables.net": "^2.0.1",
                "datatables.net-autofill-bs4": "^2.3.9",
                "datatables.net-bs4": "^2.0.1",
                "datatables.net-buttons": "3.1.2",
                "datatables.net-responsive-bs4": "^3.0.3",
                "icheck-bootstrap": "^3.0.1",
                "inputmask": "^5.0.6",
                "jquery": "^3.6.0",
                "jsgrid": "^1.5.3",
                "jszip": "^3.7.1",
                "moment": "^2.29.1",
                "select2": "^4.0.13",
                "sweetalert2": "10.16.9",
                "xlsx": "0.18.0"
            }
        },
        "node_modules/@fortawesome/fontawesome-free": {
            "version": "5.15.4",
            "resolved": "https://registry.npmjs.org/@fortawesome/fontawesome-free/-/fontawesome-free-5.15.4.tgz",
            "integrity": "sha512-eYm8vijH/hpzr/6/1CJ/V/Eb1xQFW2nnUKArb3z+yUWv7HTwj6M7SP957oMjfZjAHU6qpoNc2wQvIxBLWYa/Jg==",
            "hasInstallScript": true,
            "license": "(CC-BY-4.0 AND OFL-1.1 AND MIT)",
            "engines": {
                "node": ">=6"
            }
        },
        "node_modules/@sweetalert2/theme-bootstrap-4": {
            "version": "4.0.5",
            "resolved": "https://registry.npmjs.org/@sweetalert2/theme-bootstrap-4/-/theme-bootstrap-4-4.0.5.tgz",
            "integrity": "sha512-pe5mQ98sgrphNVq6Xe5BsWxsfI1Z8zT9C2oux6+4B6Qt30qYo58Q+bnzRs8pV95O9/URt/QJZyl+R8SabMeW6g==",
            "deprecated": "Use Swal.fire({ theme: 'bootstrap-4' }) instead",
            "license": "MIT"
        },
        "node_modules/@ttskch/select2-bootstrap4-theme": {
            "version": "1.5.2",
            "resolved": "https://registry.npmjs.org/@ttskch/select2-bootstrap4-theme/-/select2-bootstrap4-theme-1.5.2.tgz",
            "integrity": "sha512-gAj8qNy/VYwQDBkACm0USM66kxFai8flX83ayRXPNhzZckEgSqIBB9sM74SCM3ssgeX+ZVy4BifTnLis+KpIyg==",
            "license": "MIT"
        },
        "node_modules/adler-32": {
            "version": "1.3.1",
            "resolved": "https://registry.npmjs.org/adler-32/-/adler-32-1.3.1.tgz",
            "integrity": "sha512-ynZ4w/nUUv5rrsR8UUGoe1VC9hZj6V5hU9Qw1HlMDJGEJw5S7TfTErWTjMys6M7vr0YWcPqs3qAr4ss0nDfP+A==",
            "license": "Apache-2.0",
            "engines": {
                "node": ">=0.8"
            }
        },
        "node_modules/ag-charts-types": {
            "version": "13.0.0",
            "resolved": "https://registry.npmjs.org/ag-charts-types/-/ag-charts-types-13.0.0.tgz",
            "integrity": "sha512-mqOmKS0q4s2tt/C+CBG2Z+HWrSKYvRUCAlQzcKXKfARE3v/KdnBuxfjafa2c8ivElTTywdVdOe0q52Cow2Oggw==",
            "license": "MIT"
        },
        "node_modules/ag-grid-community": {
            "version": "35.0.0",
            "resolved": "https://registry.npmjs.org/ag-grid-community/-/ag-grid-community-35.0.0.tgz",
            "integrity": "sha512-Cz3MA98zZygPwvCi8OKIhP0nea+YXdx8r5MwIXqVqnQwb/BEL05nGxwovIpelL6spv3jNlHQrTVgt4lw9J+nyg==",
            "license": "MIT",
            "dependencies": {
                "ag-charts-types": "13.0.0"
            }
        },
        "node_modules/bootstrap": {
            "version": "4.6.2",
            "resolved": "https://registry.npmjs.org/bootstrap/-/bootstrap-4.6.2.tgz",
            "integrity": "sha512-51Bbp/Uxr9aTuy6ca/8FbFloBUJZLHwnhTcnjIeRn2suQWsWzcuJhGjKDB5eppVte/8oCdOL3VuwxvZDUggwGQ==",
            "deprecated": "This version of Bootstrap is no longer supported. Please upgrade to the latest version.",
            "funding": [
                {
                    "type": "github",
                    "url": "https://github.com/sponsors/twbs"
                },
                {
                    "type": "opencollective",
                    "url": "https://opencollective.com/bootstrap"
                }
            ],
            "license": "MIT",
            "peerDependencies": {
                "jquery": "1.9.1 - 3",
                "popper.js": "^1.16.1"
            }
        },
        "node_modules/bootstrap4-duallistbox": {
            "version": "4.0.2",
            "resolved": "https://registry.npmjs.org/bootstrap4-duallistbox/-/bootstrap4-duallistbox-4.0.2.tgz",
            "integrity": "sha512-vQdANVE2NN0HMaZO9qWJy0C7u04uTpAmtUGO3KLq3xAZKCboJweQ437hDTszI6pbYV2olJCGZMbdhvIkBNGeGQ==",
            "license": "Apache-2.0"
        },
        "node_modules/cfb": {
            "version": "1.2.2",
            "resolved": "https://registry.npmjs.org/cfb/-/cfb-1.2.2.tgz",
            "integrity": "sha512-KfdUZsSOw19/ObEWasvBP/Ac4reZvAGauZhs6S/gqNhXhI7cKwvlH7ulj+dOEYnca4bm4SGo8C1bTAQvnTjgQA==",
            "license": "Apache-2.0",
            "dependencies": {
                "adler-32": "~1.3.0",
                "crc-32": "~1.2.0"
            },
            "engines": {
                "node": ">=0.8"
            }
        },
        "node_modules/chart.js": {
            "version": "2.9.4",
            "resolved": "https://registry.npmjs.org/chart.js/-/chart.js-2.9.4.tgz",
            "integrity": "sha512-B07aAzxcrikjAPyV+01j7BmOpxtQETxTSlQ26BEYJ+3iUkbNKaOJ/nDbT6JjyqYxseM0ON12COHYdU2cTIjC7A==",
            "license": "MIT",
            "dependencies": {
                "chartjs-color": "^2.1.0",
                "moment": "^2.10.2"
            }
        },
        "node_modules/chartjs-color": {
            "version": "2.4.1",
            "resolved": "https://registry.npmjs.org/chartjs-color/-/chartjs-color-2.4.1.tgz",
            "integrity": "sha512-haqOg1+Yebys/Ts/9bLo/BqUcONQOdr/hoEr2LLTRl6C5LXctUdHxsCYfvQVg5JIxITrfCNUDr4ntqmQk9+/0w==",
            "license": "MIT",
            "dependencies": {
                "chartjs-color-string": "^0.6.0",
                "color-convert": "^1.9.3"
            }
        },
        "node_modules/chartjs-color-string": {
            "version": "0.6.0",
            "resolved": "https://registry.npmjs.org/chartjs-color-string/-/chartjs-color-string-0.6.0.tgz",
            "integrity": "sha512-TIB5OKn1hPJvO7JcteW4WY/63v6KwEdt6udfnDE9iCAZgy+V4SrbSxoIbTw/xkUIapjEI4ExGtD0+6D3KyFd7A==",
            "license": "MIT",
            "dependencies": {
                "color-name": "^1.0.0"
            }
        },
        "node_modules/codepage": {
            "version": "1.15.0",
            "resolved": "https://registry.npmjs.org/codepage/-/codepage-1.15.0.tgz",
            "integrity": "sha512-3g6NUTPd/YtuuGrhMnOMRjFc+LJw/bnMp3+0r/Wcz3IXUuCosKRJvMphm5+Q+bvTVGcJJuRvVLuYba+WojaFaA==",
            "license": "Apache-2.0",
            "engines": {
                "node": ">=0.8"
            }
        },
        "node_modules/color-convert": {
            "version": "1.9.3",
            "resolved": "https://registry.npmjs.org/color-convert/-/color-convert-1.9.3.tgz",
            "integrity": "sha512-QfAUtd+vFdAtFQcC8CCyYt1fYWxSqAiK2cSD6zDB8N3cpsEBAvRxp9zOGg6G/SHHJYAT88/az/IuDGALsNVbGg==",
            "license": "MIT",
            "dependencies": {
                "color-name": "1.1.3"
            }
        },
        "node_modules/color-convert/node_modules/color-name": {
            "version": "1.1.3",
            "resolved": "https://registry.npmjs.org/color-name/-/color-name-1.1.3.tgz",
            "integrity": "sha512-72fSenhMw2HZMTVHeCA9KCmpEIbzWiQsjN+BHcBbS9vr1mtt+vJjPdksIBNUmKAW8TFUDPJK5SUU3QhE9NEXDw==",
            "license": "MIT"
        },
        "node_modules/color-name": {
            "version": "1.1.4",
            "resolved": "https://registry.npmjs.org/color-name/-/color-name-1.1.4.tgz",
            "integrity": "sha512-dOy+3AuW3a2wNbZHIuMZpTcgjGuLU/uBL/ubcZF9OXbDo8ff4O8yVp5Bf0efS8uEoYo5q4Fx7dY9OgQGXgAsQA==",
            "license": "MIT"
        },
        "node_modules/core-util-is": {
            "version": "1.0.3",
            "resolved": "https://registry.npmjs.org/core-util-is/-/core-util-is-1.0.3.tgz",
            "integrity": "sha512-ZQBvi1DcpJ4GDqanjucZ2Hj3wEO5pZDS89BWbkcrvdxksJorwUDDZamX9ldFkp9aw2lmBDLgkObEA4DWNJ9FYQ==",
            "license": "MIT"
        },
        "node_modules/crc-32": {
            "version": "1.2.2",
            "resolved": "https://registry.npmjs.org/crc-32/-/crc-32-1.2.2.tgz",
            "integrity": "sha512-ROmzCKrTnOwybPcJApAA6WBWij23HVfGVNKqqrZpuyZOHqK2CwHSvpGuyt/UNNvaIjEd8X5IFGp4Mh+Ie1IHJQ==",
            "license": "Apache-2.0",
            "bin": {
                "crc32": "bin/crc32.njs"
            },
            "engines": {
                "node": ">=0.8"
            }
        },
        "node_modules/datatables.net": {
            "version": "2.3.6",
            "resolved": "https://registry.npmjs.org/datatables.net/-/datatables.net-2.3.6.tgz",
            "integrity": "sha512-xQ/dCxrjfxM0XY70wSIzakkTZ6ghERwlLmAPyCnu8Sk5cyt9YvOVyOsFNOa/BZ/lM63Q3i2YSSvp/o7GXZGsbg==",
            "license": "MIT",
            "dependencies": {
                "jquery": ">=1.7"
            }
        },
        "node_modules/datatables.net-autofill": {
            "version": "2.7.1",
            "resolved": "https://registry.npmjs.org/datatables.net-autofill/-/datatables.net-autofill-2.7.1.tgz",
            "integrity": "sha512-pcRK5SxOB6gLW3CwZHtdYoOwh3bjXzSRmVapVtNUqhtFoGS0L7sXcBS+TQdJuCNbxYBreiow2tFl+WHB81l17w==",
            "license": "MIT",
            "dependencies": {
                "datatables.net": "1.11 - 2",
                "jquery": ">=1.7"
            }
        },
        "node_modules/datatables.net-autofill-bs4": {
            "version": "2.7.1",
            "resolved": "https://registry.npmjs.org/datatables.net-autofill-bs4/-/datatables.net-autofill-bs4-2.7.1.tgz",
            "integrity": "sha512-NUXUM2ezdOFwQbBKsCQqFGUCLRdaQ+ZYxP2x1wQ8M7X23nBgy0yT5JdNum1Ajgb//jLuVGQX9ymJG4SDSvFgbQ==",
            "license": "MIT",
            "dependencies": {
                "datatables.net-autofill": "2.7.1",
                "datatables.net-bs4": "1.11 - 2",
                "jquery": ">=1.7"
            }
        },
        "node_modules/datatables.net-bs4": {
            "version": "2.3.6",
            "resolved": "https://registry.npmjs.org/datatables.net-bs4/-/datatables.net-bs4-2.3.6.tgz",
            "integrity": "sha512-9R7y8aTNLzyJKr4o+AoBbCZMdMT19VQCI4q/plPK5uXDHkUwmcAaI8/4sCrwlgXqkQK0h87bXyCFv1IE6xIa1w==",
            "license": "MIT",
            "dependencies": {
                "datatables.net": "2.3.6",
                "jquery": ">=1.7"
            }
        },
        "node_modules/datatables.net-buttons": {
            "version": "3.1.2",
            "resolved": "https://registry.npmjs.org/datatables.net-buttons/-/datatables.net-buttons-3.1.2.tgz",
            "integrity": "sha512-D7xjmXR4P056JAD6skjKYcSvQxRslt69n5dgw8KX/6nmkSJirt3iFlhKo69GzHTFTOBN49WyPvStxpbUFgzc2A==",
            "license": "MIT",
            "dependencies": {
                "datatables.net": "^2",
                "jquery": ">=1.7"
            }
        },
        "node_modules/datatables.net-responsive": {
            "version": "3.0.7",
            "resolved": "https://registry.npmjs.org/datatables.net-responsive/-/datatables.net-responsive-3.0.7.tgz",
            "integrity": "sha512-MngWU41M1LDDMjKFJ3rAHc4Zb3QhOysDTh+TfKE1ycrh5dpnKa1vobw2MKMMbvbx4q05OXZY9jtLSPIkaJRsuw==",
            "license": "MIT",
            "dependencies": {
                "datatables.net": "^2",
                "jquery": ">=1.7"
            }
        },
        "node_modules/datatables.net-responsive-bs4": {
            "version": "3.0.7",
            "resolved": "https://registry.npmjs.org/datatables.net-responsive-bs4/-/datatables.net-responsive-bs4-3.0.7.tgz",
            "integrity": "sha512-N5TDe0A31J1pEIpcd1GlU70deHUUeqbuLbFr6LUJ8Q3HXiD9bjyrYiuev8G4viFtRCNHMcrUCJnSRHu5ZtuK1A==",
            "license": "MIT",
            "dependencies": {
                "datatables.net-bs4": "^2",
                "datatables.net-responsive": "3.0.7",
                "jquery": ">=1.7"
            }
        },
        "node_modules/frac": {
            "version": "1.1.2",
            "resolved": "https://registry.npmjs.org/frac/-/frac-1.1.2.tgz",
            "integrity": "sha512-w/XBfkibaTl3YDqASwfDUqkna4Z2p9cFSr1aHDt0WoMTECnRfBOv2WArlZILlqgWlmdIlALXGpM2AOhEk5W3IA==",
            "license": "Apache-2.0",
            "engines": {
                "node": ">=0.8"
            }
        },
        "node_modules/icheck-bootstrap": {
            "version": "3.0.1",
            "resolved": "https://registry.npmjs.org/icheck-bootstrap/-/icheck-bootstrap-3.0.1.tgz",
            "integrity": "sha512-Rj3SybdcMcayhsP4IJ+hmCNgCKclaFcs/5zwCuLXH1WMo468NegjhZVxbSNKhEjJjnwc4gKETogUmPYSQ9lEZQ==",
            "license": "MIT"
        },
        "node_modules/immediate": {
            "version": "3.0.6",
            "resolved": "https://registry.npmjs.org/immediate/-/immediate-3.0.6.tgz",
            "integrity": "sha512-XXOFtyqDjNDAQxVfYxuF7g9Il/IbWmmlQg2MYKOH8ExIT1qg6xc4zyS3HaEEATgs1btfzxq15ciUiY7gjSXRGQ==",
            "license": "MIT"
        },
        "node_modules/inherits": {
            "version": "2.0.4",
            "resolved": "https://registry.npmjs.org/inherits/-/inherits-2.0.4.tgz",
            "integrity": "sha512-k/vGaX4/Yla3WzyMCvTQOXYeIHvqOKtnqBduzTHpzpQZzAskKMhZ2K+EnBiSM9zGSoIFeMpXKxa4dYeZIQqewQ==",
            "license": "ISC"
        },
        "node_modules/inputmask": {
            "version": "5.0.9",
            "resolved": "https://registry.npmjs.org/inputmask/-/inputmask-5.0.9.tgz",
            "integrity": "sha512-s0lUfqcEbel+EQXtehXqwCJGShutgieOaIImFKC/r4reYNvX3foyrChl6LOEvaEgxEbesePIrw1Zi2jhZaDZbQ==",
            "license": "MIT"
        },
        "node_modules/isarray": {
            "version": "1.0.0",
            "resolved": "https://registry.npmjs.org/isarray/-/isarray-1.0.0.tgz",
            "integrity": "sha512-VLghIWNM6ELQzo7zwmcg0NmTVyWKYjvIeM83yjp0wRDTmUnrM678fQbcKBo6n2CJEF0szoG//ytg+TKla89ALQ==",
            "license": "MIT"
        },
        "node_modules/jquery": {
            "version": "3.7.1",
            "resolved": "https://registry.npmjs.org/jquery/-/jquery-3.7.1.tgz",
            "integrity": "sha512-m4avr8yL8kmFN8psrbFFFmB/If14iN5o9nw/NgnnM+kybDJpRsAynV2BsfpTYrTRysYUdADVD7CkUUizgkpLfg==",
            "license": "MIT"
        },
        "node_modules/jsgrid": {
            "version": "1.5.3",
            "resolved": "https://registry.npmjs.org/jsgrid/-/jsgrid-1.5.3.tgz",
            "integrity": "sha512-/BJgQp7gZe8o/VgNelwXc21jHc9HN+l7WPOkBhC9b9jPXFtOrU9ftNLPVBmKYCNlIulAbGTW8SDJI0mpw7uWxQ==",
            "license": "MIT"
        },
        "node_modules/jszip": {
            "version": "3.10.1",
            "resolved": "https://registry.npmjs.org/jszip/-/jszip-3.10.1.tgz",
            "integrity": "sha512-xXDvecyTpGLrqFrvkrUSoxxfJI5AH7U8zxxtVclpsUtMCq4JQ290LY8AW5c7Ggnr/Y/oK+bQMbqK2qmtk3pN4g==",
            "license": "(MIT OR GPL-3.0-or-later)",
            "dependencies": {
                "lie": "~3.3.0",
                "pako": "~1.0.2",
                "readable-stream": "~2.3.6",
                "setimmediate": "^1.0.5"
            }
        },
        "node_modules/lie": {
            "version": "3.3.0",
            "resolved": "https://registry.npmjs.org/lie/-/lie-3.3.0.tgz",
            "integrity": "sha512-UaiMJzeWRlEujzAuw5LokY1L5ecNQYZKfmyZ9L7wDHb/p5etKaxXhohBcrw0EYby+G/NA52vRSN4N39dxHAIwQ==",
            "license": "MIT",
            "dependencies": {
                "immediate": "~3.0.5"
            }
        },
        "node_modules/moment": {
            "version": "2.30.1",
            "resolved": "https://registry.npmjs.org/moment/-/moment-2.30.1.tgz",
            "integrity": "sha512-uEmtNhbDOrWPFS+hdjFCBfy9f2YoyzRpwcl+DqpC6taX21FzsTLQVbMV/W7PzNSX6x/bhC1zA3c2UQ5NzH6how==",
            "license": "MIT",
            "engines": {
                "node": "*"
            }
        },
        "node_modules/pako": {
            "version": "1.0.11",
            "resolved": "https://registry.npmjs.org/pako/-/pako-1.0.11.tgz",
            "integrity": "sha512-4hLB8Py4zZce5s4yd9XzopqwVv/yGNhV1Bl8NTmCq1763HeK2+EwVTv+leGeL13Dnh2wfbqowVPXCIO0z4taYw==",
            "license": "(MIT AND Zlib)"
        },
        "node_modules/popper.js": {
            "version": "1.16.1",
            "resolved": "https://registry.npmjs.org/popper.js/-/popper.js-1.16.1.tgz",
            "integrity": "sha512-Wb4p1J4zyFTbM+u6WuO4XstYx4Ky9Cewe4DWrel7B0w6VVICvPwdOpotjzcf6eD8TsckVnIMNONQyPIUFOUbCQ==",
            "deprecated": "You can find the new Popper v2 at @popperjs/core, this package is dedicated to the legacy v1",
            "license": "MIT",
            "peer": true,
            "funding": {
                "type": "opencollective",
                "url": "https://opencollective.com/popperjs"
            }
        },
        "node_modules/process-nextick-args": {
            "version": "2.0.1",
            "resolved": "https://registry.npmjs.org/process-nextick-args/-/process-nextick-args-2.0.1.tgz",
            "integrity": "sha512-3ouUOpQhtgrbOa17J7+uxOTpITYWaGP7/AhoR3+A+/1e9skrzelGi/dXzEYyvbxubEF6Wn2ypscTKiKJFFn1ag==",
            "license": "MIT"
        },
        "node_modules/readable-stream": {
            "version": "2.3.8",
            "resolved": "https://registry.npmjs.org/readable-stream/-/readable-stream-2.3.8.tgz",
            "integrity": "sha512-8p0AUk4XODgIewSi0l8Epjs+EVnWiK7NoDIEGU0HhE7+ZyY8D1IMY7odu5lRrFXGg71L15KG8QrPmum45RTtdA==",
            "license": "MIT",
            "dependencies": {
                "core-util-is": "~1.0.0",
                "inherits": "~2.0.3",
                "isarray": "~1.0.0",
                "process-nextick-args": "~2.0.0",
                "safe-buffer": "~5.1.1",
                "string_decoder": "~1.1.1",
                "util-deprecate": "~1.0.1"
            }
        },
        "node_modules/safe-buffer": {
            "version": "5.1.2",
            "resolved": "https://registry.npmjs.org/safe-buffer/-/safe-buffer-5.1.2.tgz",
            "integrity": "sha512-Gd2UZBJDkXlY7GbJxfsE8/nvKkUEU1G38c1siN6QP6a9PT9MmHB8GnpscSmMJSoF8LOIrt8ud/wPtojys4G6+g==",
            "license": "MIT"
        },
        "node_modules/select2": {
            "version": "4.0.13",
            "resolved": "https://registry.npmjs.org/select2/-/select2-4.0.13.tgz",
            "integrity": "sha512-1JeB87s6oN/TDxQQYCvS5EFoQyvV6eYMZZ0AeA4tdFDYWN3BAGZ8npr17UBFddU0lgAt3H0yjX3X6/ekOj1yjw==",
            "license": "MIT"
        },
        "node_modules/setimmediate": {
            "version": "1.0.5",
            "resolved": "https://registry.npmjs.org/setimmediate/-/setimmediate-1.0.5.tgz",
            "integrity": "sha512-MATJdZp8sLqDl/68LfQmbP8zKPLQNV6BIZoIgrscFDQ+RsvK/BxeDQOgyxKKoh0y/8h3BqVFnCqQ/gd+reiIXA==",
            "license": "MIT"
        },
        "node_modules/ssf": {
            "version": "0.11.2",
            "resolved": "https://registry.npmjs.org/ssf/-/ssf-0.11.2.tgz",
            "integrity": "sha512-+idbmIXoYET47hH+d7dfm2epdOMUDjqcB4648sTZ+t2JwoyBFL/insLfB/racrDmsKB3diwsDA696pZMieAC5g==",
            "license": "Apache-2.0",
            "dependencies": {
                "frac": "~1.1.2"
            },
            "engines": {
                "node": ">=0.8"
            }
        },
        "node_modules/string_decoder": {
            "version": "1.1.1",
            "resolved": "https://registry.npmjs.org/string_decoder/-/string_decoder-1.1.1.tgz",
            "integrity": "sha512-n/ShnvDi6FHbbVfviro+WojiFzv+s8MPMHBczVePfUpDJLwoLT0ht1l4YwBCbi8pJAveEEdnkHyPyTP/mzRfwg==",
            "license": "MIT",
            "dependencies": {
                "safe-buffer": "~5.1.0"
            }
        },
        "node_modules/sweetalert2": {
            "version": "10.16.9",
            "resolved": "https://registry.npmjs.org/sweetalert2/-/sweetalert2-10.16.9.tgz",
            "integrity": "sha512-oNe+md5tmmS3fGfVHa7gVPlun7Td2oANSacnZCeghnrr3OHBi6UPVPU+GFrymwaDqwQspACilLRmRnM7aTjNPA==",
            "license": "MIT",
            "funding": {
                "url": "https://sweetalert2.github.io/#donations"
            }
        },
        "node_modules/util-deprecate": {
            "version": "1.0.2",
            "resolved": "https://registry.npmjs.org/util-deprecate/-/util-deprecate-1.0.2.tgz",
            "integrity": "sha512-EPD5q1uXyFxJpCrLnCc1nHnq3gOa6DZBocAIiI2TaSCA7VCJ1UJDMagCzIkXNsUYfD1daK//LTEQ8xiIbrHtcw==",
            "license": "MIT"
        },
        "node_modules/wmf": {
            "version": "1.0.2",
            "resolved": "https://registry.npmjs.org/wmf/-/wmf-1.0.2.tgz",
            "integrity": "sha512-/p9K7bEh0Dj6WbXg4JG0xvLQmIadrner1bi45VMJTfnbVHsc7yIajZyoSoK60/dtVBs12Fm6WkUI5/3WAVsNMw==",
            "license": "Apache-2.0",
            "engines": {
                "node": ">=0.8"
            }
        },
        "node_modules/word": {
            "version": "0.3.0",
            "resolved": "https://registry.npmjs.org/word/-/word-0.3.0.tgz",
            "integrity": "sha512-OELeY0Q61OXpdUfTp+oweA/vtLVg5VDOXh+3he3PNzLGG/y0oylSOC1xRVj0+l4vQ3tj/bB1HVHv1ocXkQceFA==",
            "license": "Apache-2.0",
            "engines": {
                "node": ">=0.8"
            }
        },
        "node_modules/xlsx": {
            "version": "0.18.0",
            "resolved": "https://registry.npmjs.org/xlsx/-/xlsx-0.18.0.tgz",
            "integrity": "sha512-zQluErfRAr7ga2me77sIlDoljSrPCXnrNaiKo2+YFLtGkd0aW0Z9zfARVgNn9nytYBhsEjf6A+H5TogTeddscg==",
            "license": "Apache-2.0",
            "dependencies": {
                "adler-32": "~1.3.0",
                "cfb": "^1.1.4",
                "codepage": "~1.15.0",
                "crc-32": "~1.2.1",
                "ssf": "~0.11.2",
                "wmf": "~1.0.1",
                "word": "~0.3.0"
            },
            "bin": {
                "xlsx": "bin/xlsx.njs"
            },
            "engines": {
                "node": ">=0.8"
            }
        }
    }
}
